{
  "name": "codex-adaptive-effort",
  "version": "0.1.0-beta.1",
  "lockfileVersion": 3,
  "requires": true,
  "packages": {
    "": {
      "name": "codex-adaptive-effort",
      "version": "0.1.0-beta.1",
      "license": "MIT",
      "bin": {
        "cae": "bin/cae.mjs"
      },
      "engines": {
        "node": ">=22.16.0"
      }
    }
  }
}
